
Microsoft Visual Studio Solution File, Format Version 12.00
# Visual Studio Version 17
VisualStudioVersion = 17.6.33815.320
MinimumVisualStudioVersion = 10.0.40219.1
Project("{FAE04EC0-301F-11D3-BF4B-00C04F79EFBC}") = "BlackJack", "BlackJack\BlackJack.csproj", "{F0621BB2-47ED-4C88-B439-DAC6884E96FC}"
EndProject
Global
	GlobalSection(SolutionConfigurationPlatforms) = preSolution
		Debug|Any CPU = Debug|Any CPU
		Release|Any CPU = Release|Any CPU
	EndGlobalSection
	GlobalSection(ProjectConfigurationPlatforms) = postSolution
		{F0621BB2-47ED-4C88-B439-DAC6884E96FC}.Debug|Any CPU.ActiveCfg = Debug|Any CPU
		{F0621BB2-47ED-4C88-B439-DAC6884E96FC}.Debug|Any CPU.Build.0 = Debug|Any CPU
		{F0621BB2-47ED-4C88-B439-DAC6884E96FC}.Release|Any CPU.ActiveCfg = Release|Any CPU
		{F0621BB2-47ED-4C88-B439-DAC6884E96FC}.Release|Any CPU.Build.0 = Release|Any CPU
	EndGlobalSection
	GlobalSection(SolutionProperties) = preSolution
		HideSolutionNode = FALSE
	EndGlobalSection
	GlobalSection(ExtensibilityGlobals) = postSolution
		SolutionGuid = {21D432F9-64FE-45B1-AAD5-63E8851E24C0}
	EndGlobalSection
EndGlobal
